
Microsoft Visual Studio Solution File, Format Version 12.00
# Visual Studio Version 17
VisualStudioVersion = 17.4.33122.133
MinimumVisualStudioVersion = 10.0.40219.1
Project("{FAE04EC0-301F-11D3-BF4B-00C04F79EFBC}") = "ConsoleApp1", "ConsoleApp1\ConsoleApp1.csproj", "{F026E1B2-FD50-458A-9A45-515CFD175E47}"
EndProject
Global
	GlobalSection(SolutionConfigurationPlatforms) = preSolution
		Debug|Any CPU = Debug|Any CPU
		Release|Any CPU = Release|Any CPU
	EndGlobalSection
	GlobalSection(ProjectConfigurationPlatforms) = postSolution
		{F026E1B2-FD50-458A-9A45-515CFD175E47}.Debug|Any CPU.ActiveCfg = Debug|Any CPU
		{F026E1B2-FD50-458A-9A45-515CFD175E47}.Debug|Any CPU.Build.0 = Debug|Any CPU
		{F026E1B2-FD50-458A-9A45-515CFD175E47}.Release|Any CPU.ActiveCfg = Release|Any CPU
		{F026E1B2-FD50-458A-9A45-515CFD175E47}.Release|Any CPU.Build.0 = Release|Any CPU
	EndGlobalSection
	GlobalSection(SolutionProperties) = preSolution
		HideSolutionNode = FALSE
	EndGlobalSection
	GlobalSection(ExtensibilityGlobals) = postSolution
		SolutionGuid = {06897AAA-8EC0-4B22-969B-236DA39330B4}
	EndGlobalSection
EndGlobal
